
Microsoft Visual Studio Solution File, Format Version 12.00
# Visual Studio Version 17
VisualStudioVersion = 17.3.32819.101
MinimumVisualStudioVersion = 10.0.40219.1
Project("{9A19103F-16F7-4668-BE54-9A1E7A4F7556}") = "Manabot2", "Manabot2\Manabot2.csproj", "{C2EFEDCA-F3EC-4B02-884D-4EB27FDF9E13}"
EndProject
Global
	GlobalSection(SolutionConfigurationPlatforms) = preSolution
		Debug|Any CPU = Debug|Any CPU
		Debug|x64 = Debug|x64
		Release|Any CPU = Release|Any CPU
		Release|x64 = Release|x64
	EndGlobalSection
	GlobalSection(ProjectConfigurationPlatforms) = postSolution
		{C2EFEDCA-F3EC-4B02-884D-4EB27FDF9E13}.Debug|Any CPU.ActiveCfg = Debug|Any CPU
		{C2EFEDCA-F3EC-4B02-884D-4EB27FDF9E13}.Debug|Any CPU.Build.0 = Debug|Any CPU
		{C2EFEDCA-F3EC-4B02-884D-4EB27FDF9E13}.Debug|x64.ActiveCfg = Debug|Any CPU
		{C2EFEDCA-F3EC-4B02-884D-4EB27FDF9E13}.Debug|x64.Build.0 = Debug|Any CPU
		{C2EFEDCA-F3EC-4B02-884D-4EB27FDF9E13}.Release|Any CPU.ActiveCfg = Release|Any CPU
		{C2EFEDCA-F3EC-4B02-884D-4EB27FDF9E13}.Release|Any CPU.Build.0 = Release|Any CPU
		{C2EFEDCA-F3EC-4B02-884D-4EB27FDF9E13}.Release|x64.ActiveCfg = Release|Any CPU
		{C2EFEDCA-F3EC-4B02-884D-4EB27FDF9E13}.Release|x64.Build.0 = Release|Any CPU
	EndGlobalSection
	GlobalSection(SolutionProperties) = preSolution
		HideSolutionNode = FALSE
	EndGlobalSection
	GlobalSection(ExtensibilityGlobals) = postSolution
		SolutionGuid = {1D3FFFB0-B1B5-4BAB-8EE1-4CB08201A1C6}
	EndGlobalSection
EndGlobal
